
Microsoft Visual Studio Solution File, Format Version 12.00
# Visual Studio Version 16
VisualStudioVersion = 16.0.30621.155
MinimumVisualStudioVersion = 10.0.40219.1
Project("{FAE04EC0-301F-11D3-BF4B-00C04F79EFBC}") = "MyCoreApp", "MyCoreApp\MyCoreApp.csproj", "{461AD280-1D94-46CB-8C38-176E419822E7}"
EndProject
Global
	GlobalSection(SolutionConfigurationPlatforms) = preSolution
		Debug|Any CPU = Debug|Any CPU
		Release|Any CPU = Release|Any CPU
	EndGlobalSection
	GlobalSection(ProjectConfigurationPlatforms) = postSolution
		{461AD280-1D94-46CB-8C38-176E419822E7}.Debug|Any CPU.ActiveCfg = Debug|Any CPU
		{461AD280-1D94-46CB-8C38-176E419822E7}.Debug|Any CPU.Build.0 = Debug|Any CPU
		{461AD280-1D94-46CB-8C38-176E419822E7}.Release|Any CPU.ActiveCfg = Release|Any CPU
		{461AD280-1D94-46CB-8C38-176E419822E7}.Release|Any CPU.Build.0 = Release|Any CPU
	EndGlobalSection
	GlobalSection(SolutionProperties) = preSolution
		HideSolutionNode = FALSE
	EndGlobalSection
	GlobalSection(ExtensibilityGlobals) = postSolution
		SolutionGuid = {99402576-BAD9-4F37-8162-E6B47E3D9C44}
	EndGlobalSection
EndGlobal
